<?xml version="1.0" encoding="utf-8"?>
<Project ToolsVersion="4.0" xmlns="http://schemas.microsoft.com/developer/msbuild/2003">
  <ItemGroup>
    <Filter Include="UI">
      <UniqueIdentifier>{73c82e3f-3d7c-45e7-8ca0-4ee1ba9c85dc}</UniqueIdentifier>
    </Filter>
    <Filter Include="UI\Res">
      <UniqueIdentifier>{5a8a252e-2cfc-44a9-af1e-dfe594cc4f04}</UniqueIdentifier>
      <Extensions>rc;ico;cur;bmp;dlg;rc2;rct;bin;rgs;jpg;jpeg;jpe;manifest</Extensions>
    </Filter>
    <Filter Include="ffmpeg">
      <UniqueIdentifier>{01fc87ab-8380-49b1-952c-f2db8a712900}</UniqueIdentifier>
    </Filter>
    <Filter Include="UI\InfoPanel">
      <UniqueIdentifier>{9f310f61-0e29-4ff7-ae19-fdb277924012}</UniqueIdentifier>
    </Filter>
  </ItemGroup>
  <ItemGroup>
    <ClCompile Include="AboutDlg.cpp">
      <Filter>UI</Filter>
    </ClCompile>
    <ClCompile Include="BitrateViewer.cpp">
      <Filter>UI</Filter>
    </ClCompile>
    <ClCompile Include="BitrateViewerView.cpp">
      <Filter>UI</Filter>
    </ClCompile>
    <ClCompile Include="MainFrm.cpp">
      <Filter>UI</Filter>
    </ClCompile>
    <ClCompile Include="stdafx.cpp">
      <Filter>UI</Filter>
    </ClCompile>
    <ClCompile Include="GetVideoBitrate.cpp">
      <Filter>ffmpeg</Filter>
    </ClCompile>
    <ClCompile Include="InfoPanelDlg.cpp">
      <Filter>UI\InfoPanel</Filter>
    </ClCompile>
  </ItemGroup>
  <ItemGroup>
    <ClInclude Include="AboutDlg.h">
      <Filter>UI</Filter>
    </ClInclude>
    <ClInclude Include="BitrateViewerView.h">
      <Filter>UI</Filter>
    </ClInclude>
    <ClInclude Include="MainFrm.h">
      <Filter>UI</Filter>
    </ClInclude>
    <ClInclude Include="resource.h">
      <Filter>UI</Filter>
    </ClInclude>
    <ClInclude Include="stdafx.h">
      <Filter>UI</Filter>
    </ClInclude>
    <ClInclude Include="GetVideoBitrate.h">
      <Filter>ffmpeg</Filter>
    </ClInclude>
    <ClInclude Include="InfoPanelDlg.h">
      <Filter>UI\InfoPanel</Filter>
    </ClInclude>
  </ItemGroup>
  <ItemGroup>
    <ResourceCompile Include="BitrateViewer.rc">
      <Filter>UI\Res</Filter>
    </ResourceCompile>
  </ItemGroup>
  <ItemGroup>
    <Image Include="res\toolbar.bmp">
      <Filter>UI\Res</Filter>
    </Image>
    <Image Include="res\BitrateViewer.ico">
      <Filter>UI\Res</Filter>
    </Image>
  </ItemGroup>
</Project>